
Microsoft Visual Studio Solution File, Format Version 12.00
# Visual Studio Version 16
VisualStudioVersion = 16.0.30114.105
MinimumVisualStudioVersion = 10.0.40219.1
Project("{FAE04EC0-301F-11D3-BF4B-00C04F79EFBC}") = "SE.API", "SE.API\SE.API.csproj", "{B9941D95-3484-4D75-BCAE-71C8219448AD}"
EndProject
Project("{FAE04EC0-301F-11D3-BF4B-00C04F79EFBC}") = "domain", "SE.Domain\domain.csproj", "{A3210648-3440-40AE-993D-6B386E9C33CA}"
EndProject
Project("{FAE04EC0-301F-11D3-BF4B-00C04F79EFBC}") = "SE.Infra", "SE.Infra\SE.Infra.csproj", "{4F87ED77-4EEC-47A0-B6B6-DF37AC380799}"
EndProject
Project("{FAE04EC0-301F-11D3-BF4B-00C04F79EFBC}") = "SE.Shared", "SE.Shared\SE.Shared.csproj", "{A46B3BB8-5A17-445B-A10E-8DE244C150A5}"
EndProject
Project("{FAE04EC0-301F-11D3-BF4B-00C04F79EFBC}") = "SE.Tests", "SE.Tests\SE.Tests.csproj", "{642E6818-2DE7-470D-94C4-AD75A6EA2C45}"
EndProject
Global
	GlobalSection(SolutionConfigurationPlatforms) = preSolution
		Debug|Any CPU = Debug|Any CPU
		Release|Any CPU = Release|Any CPU
	EndGlobalSection
	GlobalSection(SolutionProperties) = preSolution
		HideSolutionNode = FALSE
	EndGlobalSection
	GlobalSection(ProjectConfigurationPlatforms) = postSolution
		{B9941D95-3484-4D75-BCAE-71C8219448AD}.Debug|Any CPU.ActiveCfg = Debug|Any CPU
		{B9941D95-3484-4D75-BCAE-71C8219448AD}.Debug|Any CPU.Build.0 = Debug|Any CPU
		{B9941D95-3484-4D75-BCAE-71C8219448AD}.Release|Any CPU.ActiveCfg = Release|Any CPU
		{B9941D95-3484-4D75-BCAE-71C8219448AD}.Release|Any CPU.Build.0 = Release|Any CPU
		{A3210648-3440-40AE-993D-6B386E9C33CA}.Debug|Any CPU.ActiveCfg = Debug|Any CPU
		{A3210648-3440-40AE-993D-6B386E9C33CA}.Debug|Any CPU.Build.0 = Debug|Any CPU
		{A3210648-3440-40AE-993D-6B386E9C33CA}.Release|Any CPU.ActiveCfg = Release|Any CPU
		{A3210648-3440-40AE-993D-6B386E9C33CA}.Release|Any CPU.Build.0 = Release|Any CPU
		{4F87ED77-4EEC-47A0-B6B6-DF37AC380799}.Debug|Any CPU.ActiveCfg = Debug|Any CPU
		{4F87ED77-4EEC-47A0-B6B6-DF37AC380799}.Debug|Any CPU.Build.0 = Debug|Any CPU
		{4F87ED77-4EEC-47A0-B6B6-DF37AC380799}.Release|Any CPU.ActiveCfg = Release|Any CPU
		{4F87ED77-4EEC-47A0-B6B6-DF37AC380799}.Release|Any CPU.Build.0 = Release|Any CPU
		{A46B3BB8-5A17-445B-A10E-8DE244C150A5}.Debug|Any CPU.ActiveCfg = Debug|Any CPU
		{A46B3BB8-5A17-445B-A10E-8DE244C150A5}.Debug|Any CPU.Build.0 = Debug|Any CPU
		{A46B3BB8-5A17-445B-A10E-8DE244C150A5}.Release|Any CPU.ActiveCfg = Release|Any CPU
		{A46B3BB8-5A17-445B-A10E-8DE244C150A5}.Release|Any CPU.Build.0 = Release|Any CPU
		{642E6818-2DE7-470D-94C4-AD75A6EA2C45}.Debug|Any CPU.ActiveCfg = Debug|Any CPU
		{642E6818-2DE7-470D-94C4-AD75A6EA2C45}.Debug|Any CPU.Build.0 = Debug|Any CPU
		{642E6818-2DE7-470D-94C4-AD75A6EA2C45}.Release|Any CPU.ActiveCfg = Release|Any CPU
		{642E6818-2DE7-470D-94C4-AD75A6EA2C45}.Release|Any CPU.Build.0 = Release|Any CPU
	EndGlobalSection
EndGlobal
